// !$*UTF8*$!
{
	archiveVersion = 1;
	classes = {
	};
	objectVersion = 50;
	objects = {

/* Begin PBXBuildFile section */
		5AB9523125B60ACB0082AE4E /* AppDelegate.swift in Sources */ = {isa = PBXBuildFile; fileRef = 5AB9523025B60ACB0082AE4E /* AppDelegate.swift */; };
		5AB9523325B60ACB0082AE4E /* SceneDelegate.swift in Sources */ = {isa = PBXBuildFile; fileRef = 5AB9523225B60ACB0082AE4E /* SceneDelegate.swift */; };
		5AB9523825B60ACB0082AE4E /* Main.storyboard in Resources */ = {isa = PBXBuildFile; fileRef = 5AB9523625B60ACB0082AE4E /* Main.storyboard */; };
		5AB9523A25B60AD30082AE4E /* Assets.xcassets in Resources */ = {isa = PBXBuildFile; fileRef = 5AB9523925B60AD30082AE4E /* Assets.xcassets */; };
		5AB9523D25B60AD30082AE4E /* LaunchScreen.storyboard in Resources */ = {isa = PBXBuildFile; fileRef = 5AB9523B25B60AD30082AE4E /* LaunchScreen.storyboard */; };
		5AB9524B25B60E010082AE4E /* EndPointAPI.swift in Sources */ = {isa = PBXBuildFile; fileRef = 5AB9524725B60E000082AE4E /* EndPointAPI.swift */; };
		5AB9524C25B60E010082AE4E /* ErrorAPI.swift in Sources */ = {isa = PBXBuildFile; fileRef = 5AB9524825B60E000082AE4E /* ErrorAPI.swift */; };
		5AB9524D25B60E010082AE4E /* ClientAPI.swift in Sources */ = {isa = PBXBuildFile; fileRef = 5AB9524925B60E000082AE4E /* ClientAPI.swift */; };
		5AB9524E25B60E010082AE4E /* APIInteractor.swift in Sources */ = {isa = PBXBuildFile; fileRef = 5AB9524A25B60E010082AE4E /* APIInteractor.swift */; };
		5AB9525C25B60E5E0082AE4E /* LabelEx.swift in Sources */ = {isa = PBXBuildFile; fileRef = 5AB9525425B60E5E0082AE4E /* LabelEx.swift */; };
		5AB9525D25B60E5E0082AE4E /* RealmEx.swift in Sources */ = {isa = PBXBuildFile; fileRef = 5AB9525525B60E5E0082AE4E /* RealmEx.swift */; };
		5AB9525E25B60E5E0082AE4E /* ViewControllerEx.swift in Sources */ = {isa = PBXBuildFile; fileRef = 5AB9525625B60E5E0082AE4E /* ViewControllerEx.swift */; };
		5AB9525F25B60E5E0082AE4E /* ImageViewEx.swift in Sources */ = {isa = PBXBuildFile; fileRef = 5AB9525725B60E5E0082AE4E /* ImageViewEx.swift */; };
		5AB9526025B60E5F0082AE4E /* AlertActionEx.swift in Sources */ = {isa = PBXBuildFile; fileRef = 5AB9525825B60E5E0082AE4E /* AlertActionEx.swift */; };
		5AB9526125B60E5F0082AE4E /* TableEx.swift in Sources */ = {isa = PBXBuildFile; fileRef = 5AB9525925B60E5E0082AE4E /* TableEx.swift */; };
		5AB9526225B60E5F0082AE4E /* ViewEx.swift in Sources */ = {isa = PBXBuildFile; fileRef = 5AB9525A25B60E5E0082AE4E /* ViewEx.swift */; };
		5AB9526325B60E5F0082AE4E /* ButtonEx.swift in Sources */ = {isa = PBXBuildFile; fileRef = 5AB9525B25B60E5E0082AE4E /* ButtonEx.swift */; };
		5AB9526725B60E7A0082AE4E /* MovieTableViewCell.swift in Sources */ = {isa = PBXBuildFile; fileRef = 5AB9526625B60E7A0082AE4E /* MovieTableViewCell.swift */; };
		5AB9526B25B60E8F0082AE4E /* MovieListVM.swift in Sources */ = {isa = PBXBuildFile; fileRef = 5AB9526A25B60E8F0082AE4E /* MovieListVM.swift */; };
		5AB9527025B613BE0082AE4E /* MoviesListVC.swift in Sources */ = {isa = PBXBuildFile; fileRef = 5AB9526F25B613BE0082AE4E /* MoviesListVC.swift */; };
		5AB9527625B614840082AE4E /* Dates.swift in Sources */ = {isa = PBXBuildFile; fileRef = 5AB9527325B614840082AE4E /* Dates.swift */; };
		5AB9527725B614840082AE4E /* ResponseBase.swift in Sources */ = {isa = PBXBuildFile; fileRef = 5AB9527425B614840082AE4E /* ResponseBase.swift */; };
		5AB9527825B614840082AE4E /* MovieModel.swift in Sources */ = {isa = PBXBuildFile; fileRef = 5AB9527525B614840082AE4E /* MovieModel.swift */; };
		5AB9527C25B614C60082AE4E /* AppConstants.swift in Sources */ = {isa = PBXBuildFile; fileRef = 5AB9527B25B614C60082AE4E /* AppConstants.swift */; };
		5AB9528625B617290082AE4E /* MovieDetailsVC.swift in Sources */ = {isa = PBXBuildFile; fileRef = 5AB9528525B617290082AE4E /* MovieDetailsVC.swift */; };
/* End PBXBuildFile section */

/* Begin PBXFileReference section */
		5AB9522D25B60ACB0082AE4E /* Movies.app */ = {isa = PBXFileReference; explicitFileType = wrapper.application; includeInIndex = 0; path = Movies.app; sourceTree = BUILT_PRODUCTS_DIR; };
		5AB9523025B60ACB0082AE4E /* AppDelegate.swift */ = {isa = PBXFileReference; lastKnownFileType = sourcecode.swift; path = AppDelegate.swift; sourceTree = "<group>"; };
		5AB9523225B60ACB0082AE4E /* SceneDelegate.swift */ = {isa = PBXFileReference; lastKnownFileType = sourcecode.swift; path = SceneDelegate.swift; sourceTree = "<group>"; };
		5AB9523725B60ACB0082AE4E /* Base */ = {isa = PBXFileReference; lastKnownFileType = file.storyboard; name = Base; path = Base.lproj/Main.storyboard; sourceTree = "<group>"; };
		5AB9523925B60AD30082AE4E /* Assets.xcassets */ = {isa = PBXFileReference; lastKnownFileType = folder.assetcatalog; path = Assets.xcassets; sourceTree = "<group>"; };
		5AB9523C25B60AD30082AE4E /* Base */ = {isa = PBXFileReference; lastKnownFileType = file.storyboard; name = Base; path = Base.lproj/LaunchScreen.storyboard; sourceTree = "<group>"; };
		5AB9523E25B60AD30082AE4E /* Info.plist */ = {isa = PBXFileReference; lastKnownFileType = text.plist.xml; path = Info.plist; sourceTree = "<group>"; };
		5AB9524725B60E000082AE4E /* EndPointAPI.swift */ = {isa = PBXFileReference; fileEncoding = 4; lastKnownFileType = sourcecode.swift; path = EndPointAPI.swift; sourceTree = "<group>"; };
		5AB9524825B60E000082AE4E /* ErrorAPI.swift */ = {isa = PBXFileReference; fileEncoding = 4; lastKnownFileType = sourcecode.swift; path = ErrorAPI.swift; sourceTree = "<group>"; };
		5AB9524925B60E000082AE4E /* ClientAPI.swift */ = {isa = PBXFileReference; fileEncoding = 4; lastKnownFileType = sourcecode.swift; path = ClientAPI.swift; sourceTree = "<group>"; };
		5AB9524A25B60E010082AE4E /* APIInteractor.swift */ = {isa = PBXFileReference; fileEncoding = 4; lastKnownFileType = sourcecode.swift; path = APIInteractor.swift; sourceTree = "<group>"; };
		5AB9525425B60E5E0082AE4E /* LabelEx.swift */ = {isa = PBXFileReference; fileEncoding = 4; lastKnownFileType = sourcecode.swift; path = LabelEx.swift; sourceTree = "<group>"; };
		5AB9525525B60E5E0082AE4E /* RealmEx.swift */ = {isa = PBXFileReference; fileEncoding = 4; lastKnownFileType = sourcecode.swift; path = RealmEx.swift; sourceTree = "<group>"; };
		5AB9525625B60E5E0082AE4E /* ViewControllerEx.swift */ = {isa = PBXFileReference; fileEncoding = 4; lastKnownFileType = sourcecode.swift; path = ViewControllerEx.swift; sourceTree = "<group>"; };
		5AB9525725B60E5E0082AE4E /* ImageViewEx.swift */ = {isa = PBXFileReference; fileEncoding = 4; lastKnownFileType = sourcecode.swift; path = ImageViewEx.swift; sourceTree = "<group>"; };
		5AB9525825B60E5E0082AE4E /* AlertActionEx.swift */ = {isa = PBXFileReference; fileEncoding = 4; lastKnownFileType = sourcecode.swift; path = AlertActionEx.swift; sourceTree = "<group>"; };
		5AB9525925B60E5E0082AE4E /* TableEx.swift */ = {isa = PBXFileReference; fileEncoding = 4; lastKnownFileType = sourcecode.swift; path = TableEx.swift; sourceTree = "<group>"; };
		5AB9525A25B60E5E0082AE4E /* ViewEx.swift */ = {isa = PBXFileReference; fileEncoding = 4; lastKnownFileType = sourcecode.swift; path = ViewEx.swift; sourceTree = "<group>"; };
		5AB9525B25B60E5E0082AE4E /* ButtonEx.swift */ = {isa = PBXFileReference; fileEncoding = 4; lastKnownFileType = sourcecode.swift; path = ButtonEx.swift; sourceTree = "<group>"; };
		5AB9526625B60E7A0082AE4E /* MovieTableViewCell.swift */ = {isa = PBXFileReference; fileEncoding = 4; lastKnownFileType = sourcecode.swift; path = MovieTableViewCell.swift; sourceTree = "<group>"; };
		5AB9526A25B60E8F0082AE4E /* MovieListVM.swift */ = {isa = PBXFileReference; fileEncoding = 4; lastKnownFileType = sourcecode.swift; path = MovieListVM.swift; sourceTree = "<group>"; };
		5AB9526F25B613BE0082AE4E /* MoviesListVC.swift */ = {isa = PBXFileReference; fileEncoding = 4; lastKnownFileType = sourcecode.swift; path = MoviesListVC.swift; sourceTree = "<group>"; };
		5AB9527325B614840082AE4E /* Dates.swift */ = {isa = PBXFileReference; fileEncoding = 4; lastKnownFileType = sourcecode.swift; path = Dates.swift; sourceTree = "<group>"; };
		5AB9527425B614840082AE4E /* ResponseBase.swift */ = {isa = PBXFileReference; fileEncoding = 4; lastKnownFileType = sourcecode.swift; path = ResponseBase.swift; sourceTree = "<group>"; };
		5AB9527525B614840082AE4E /* MovieModel.swift */ = {isa = PBXFileReference; fileEncoding = 4; lastKnownFileType = sourcecode.swift; path = MovieModel.swift; sourceTree = "<group>"; };
		5AB9527B25B614C60082AE4E /* AppConstants.swift */ = {isa = PBXFileReference; fileEncoding = 4; lastKnownFileType = sourcecode.swift; path = AppConstants.swift; sourceTree = "<group>"; };
		5AB9528525B617290082AE4E /* MovieDetailsVC.swift */ = {isa = PBXFileReference; fileEncoding = 4; lastKnownFileType = sourcecode.swift; path = MovieDetailsVC.swift; sourceTree = "<group>"; };
/* End PBXFileReference section */

/* Begin PBXFrameworksBuildPhase section */
		5AB9522A25B60ACB0082AE4E /* Frameworks */ = {
			isa = PBXFrameworksBuildPhase;
			buildActionMask = 2147483647;
			files = (
			);
			runOnlyForDeploymentPostprocessing = 0;
		};
/* End PBXFrameworksBuildPhase section */

/* Begin PBXGroup section */
		5AB9522425B60ACB0082AE4E = {
			isa = PBXGroup;
			children = (
				5AB9522F25B60ACB0082AE4E /* Movies */,
				5AB9522E25B60ACB0082AE4E /* Products */,
			);
			sourceTree = "<group>";
		};
		5AB9522E25B60ACB0082AE4E /* Products */ = {
			isa = PBXGroup;
			children = (
				5AB9522D25B60ACB0082AE4E /* Movies.app */,
			);
			name = Products;
			sourceTree = "<group>";
		};
		5AB9522F25B60ACB0082AE4E /* Movies */ = {
			isa = PBXGroup;
			children = (
				5AB9527B25B614C60082AE4E /* AppConstants.swift */,
				5AB9527225B614430082AE4E /* Model */,
				5AB9526D25B613980082AE4E /* View Controller */,
				5AB9526925B60E840082AE4E /* View Model */,
				5AB9526525B60E6F0082AE4E /* Cell */,
				5AB9525325B60E530082AE4E /* Extension */,
				5AB9525125B60E1D0082AE4E /* Delegate */,
				5AB9525025B60E070082AE4E /* API Client */,
				5AB9525225B60E320082AE4E /* Story Board */,
				5AB9523925B60AD30082AE4E /* Assets.xcassets */,
				5AB9523E25B60AD30082AE4E /* Info.plist */,
			);
			path = Movies;
			sourceTree = "<group>";
		};
		5AB9525025B60E070082AE4E /* API Client */ = {
			isa = PBXGroup;
			children = (
				5AB9524A25B60E010082AE4E /* APIInteractor.swift */,
				5AB9524925B60E000082AE4E /* ClientAPI.swift */,
				5AB9524825B60E000082AE4E /* ErrorAPI.swift */,
				5AB9524725B60E000082AE4E /* EndPointAPI.swift */,
			);
			path = "API Client";
			sourceTree = "<group>";
		};
		5AB9525125B60E1D0082AE4E /* Delegate */ = {
			isa = PBXGroup;
			children = (
				5AB9523025B60ACB0082AE4E /* AppDelegate.swift */,
				5AB9523225B60ACB0082AE4E /* SceneDelegate.swift */,
			);
			path = Delegate;
			sourceTree = "<group>";
		};
		5AB9525225B60E320082AE4E /* Story Board */ = {
			isa = PBXGroup;
			children = (
				5AB9523625B60ACB0082AE4E /* Main.storyboard */,
				5AB9523B25B60AD30082AE4E /* LaunchScreen.storyboard */,
			);
			path = "Story Board";
			sourceTree = "<group>";
		};
		5AB9525325B60E530082AE4E /* Extension */ = {
			isa = PBXGroup;
			children = (
				5AB9525825B60E5E0082AE4E /* AlertActionEx.swift */,
				5AB9525B25B60E5E0082AE4E /* ButtonEx.swift */,
				5AB9525725B60E5E0082AE4E /* ImageViewEx.swift */,
				5AB9525425B60E5E0082AE4E /* LabelEx.swift */,
				5AB9525525B60E5E0082AE4E /* RealmEx.swift */,
				5AB9525925B60E5E0082AE4E /* TableEx.swift */,
				5AB9525625B60E5E0082AE4E /* ViewControllerEx.swift */,
				5AB9525A25B60E5E0082AE4E /* ViewEx.swift */,
			);
			path = Extension;
			sourceTree = "<group>";
		};
		5AB9526525B60E6F0082AE4E /* Cell */ = {
			isa = PBXGroup;
			children = (
				5AB9526625B60E7A0082AE4E /* MovieTableViewCell.swift */,
			);
			path = Cell;
			sourceTree = "<group>";
		};
		5AB9526925B60E840082AE4E /* View Model */ = {
			isa = PBXGroup;
			children = (
				5AB9526A25B60E8F0082AE4E /* MovieListVM.swift */,
			);
			path = "View Model";
			sourceTree = "<group>";
		};
		5AB9526D25B613980082AE4E /* View Controller */ = {
			isa = PBXGroup;
			children = (
				5AB9526F25B613BE0082AE4E /* MoviesListVC.swift */,
				5AB9528525B617290082AE4E /* MovieDetailsVC.swift */,
			);
			path = "View Controller";
			sourceTree = "<group>";
		};
		5AB9527225B614430082AE4E /* Model */ = {
			isa = PBXGroup;
			children = (
				5AB9527F25B6166E0082AE4E /* top */,
				5AB9527E25B616560082AE4E /* up */,
			);
			path = Model;
			sourceTree = "<group>";
		};
		5AB9527E25B616560082AE4E /* up */ = {
			isa = PBXGroup;
			children = (
				5AB9527325B614840082AE4E /* Dates.swift */,
				5AB9527425B614840082AE4E /* ResponseBase.swift */,
				5AB9527525B614840082AE4E /* MovieModel.swift */,
			);
			path = up;
			sourceTree = "<group>";
		};
		5AB9527F25B6166E0082AE4E /* top */ = {
			isa = PBXGroup;
			children = (
			);
			path = top;
			sourceTree = "<group>";
		};
/* End PBXGroup section */

/* Begin PBXNativeTarget section */
		5AB9522C25B60ACB0082AE4E /* Movies */ = {
			isa = PBXNativeTarget;
			buildConfigurationList = 5AB9524125B60AD30082AE4E /* Build configuration list for PBXNativeTarget "Movies" */;
			buildPhases = (
				5AB9522925B60ACB0082AE4E /* Sources */,
				5AB9522A25B60ACB0082AE4E /* Frameworks */,
				5AB9522B25B60ACB0082AE4E /* Resources */,
			);
			buildRules = (
			);
			dependencies = (
			);
			name = Movies;
			productName = Movies;
			productReference = 5AB9522D25B60ACB0082AE4E /* Movies.app */;
			productType = "com.apple.product-type.application";
		};
/* End PBXNativeTarget section */

/* Begin PBXProject section */
		5AB9522525B60ACB0082AE4E /* Project object */ = {
			isa = PBXProject;
			attributes = {
				LastSwiftUpdateCheck = 1220;
				LastUpgradeCheck = 1220;
				TargetAttributes = {
					5AB9522C25B60ACB0082AE4E = {
						CreatedOnToolsVersion = 12.2;
					};
				};
			};
			buildConfigurationList = 5AB9522825B60ACB0082AE4E /* Build configuration list for PBXProject "Movies" */;
			compatibilityVersion = "Xcode 9.3";
			developmentRegion = en;
			hasScannedForEncodings = 0;
			knownRegions = (
				en,
				Base,
			);
			mainGroup = 5AB9522425B60ACB0082AE4E;
			productRefGroup = 5AB9522E25B60ACB0082AE4E /* Products */;
			projectDirPath = "";
			projectRoot = "";
			targets = (
				5AB9522C25B60ACB0082AE4E /* Movies */,
			);
		};
/* End PBXProject section */

/* Begin PBXResourcesBuildPhase section */
		5AB9522B25B60ACB0082AE4E /* Resources */ = {
			isa = PBXResourcesBuildPhase;
			buildActionMask = 2147483647;
			files = (
				5AB9523D25B60AD30082AE4E /* LaunchScreen.storyboard in Resources */,
				5AB9523A25B60AD30082AE4E /* Assets.xcassets in Resources */,
				5AB9523825B60ACB0082AE4E /* Main.storyboard in Resources */,
			);
			runOnlyForDeploymentPostprocessing = 0;
		};
/* End PBXResourcesBuildPhase section */

/* Begin PBXSourcesBuildPhase section */
		5AB9522925B60ACB0082AE4E /* Sources */ = {
			isa = PBXSourcesBuildPhase;
			buildActionMask = 2147483647;
			files = (
				5AB9525F25B60E5E0082AE4E /* ImageViewEx.swift in Sources */,
				5AB9523125B60ACB0082AE4E /* AppDelegate.swift in Sources */,
				5AB9523325B60ACB0082AE4E /* SceneDelegate.swift in Sources */,
				5AB9524D25B60E010082AE4E /* ClientAPI.swift in Sources */,
				5AB9527C25B614C60082AE4E /* AppConstants.swift in Sources */,
				5AB9526325B60E5F0082AE4E /* ButtonEx.swift in Sources */,
				5AB9526725B60E7A0082AE4E /* MovieTableViewCell.swift in Sources */,
				5AB9526225B60E5F0082AE4E /* ViewEx.swift in Sources */,
				5AB9525D25B60E5E0082AE4E /* RealmEx.swift in Sources */,
				5AB9527025B613BE0082AE4E /* MoviesListVC.swift in Sources */,
				5AB9524E25B60E010082AE4E /* APIInteractor.swift in Sources */,
				5AB9525C25B60E5E0082AE4E /* LabelEx.swift in Sources */,
				5AB9526B25B60E8F0082AE4E /* MovieListVM.swift in Sources */,
				5AB9528625B617290082AE4E /* MovieDetailsVC.swift in Sources */,
				5AB9526125B60E5F0082AE4E /* TableEx.swift in Sources */,
				5AB9525E25B60E5E0082AE4E /* ViewControllerEx.swift in Sources */,
				5AB9527825B614840082AE4E /* MovieModel.swift in Sources */,
				5AB9526025B60E5F0082AE4E /* AlertActionEx.swift in Sources */,
				5AB9527625B614840082AE4E /* Dates.swift in Sources */,
				5AB9524C25B60E010082AE4E /* ErrorAPI.swift in Sources */,
				5AB9527725B614840082AE4E /* ResponseBase.swift in Sources */,
				5AB9524B25B60E010082AE4E /* EndPointAPI.swift in Sources */,
			);
			runOnlyForDeploymentPostprocessing = 0;
		};
/* End PBXSourcesBuildPhase section */

/* Begin PBXVariantGroup section */
		5AB9523625B60ACB0082AE4E /* Main.storyboard */ = {
			isa = PBXVariantGroup;
			children = (
				5AB9523725B60ACB0082AE4E /* Base */,
			);
			name = Main.storyboard;
			sourceTree = "<group>";
		};
		5AB9523B25B60AD30082AE4E /* LaunchScreen.storyboard */ = {
			isa = PBXVariantGroup;
			children = (
				5AB9523C25B60AD30082AE4E /* Base */,
			);
			name = LaunchScreen.storyboard;
			sourceTree = "<group>";
		};
/* End PBXVariantGroup section */

/* Begin XCBuildConfiguration section */
		5AB9523F25B60AD30082AE4E /* Debug */ = {
			isa = XCBuildConfiguration;
			buildSettings = {
				ALWAYS_SEARCH_USER_PATHS = NO;
				CLANG_ANALYZER_NONNULL = YES;
				CLANG_ANALYZER_NUMBER_OBJECT_CONVERSION = YES_AGGRESSIVE;
				CLANG_CXX_LANGUAGE_STANDARD = "gnu++14";
				CLANG_CXX_LIBRARY = "libc++";
				CLANG_ENABLE_MODULES = YES;
				CLANG_ENABLE_OBJC_ARC = YES;
				CLANG_ENABLE_OBJC_WEAK = YES;
				CLANG_WARN_BLOCK_CAPTURE_AUTORELEASING = YES;
				CLANG_WARN_BOOL_CONVERSION = YES;
				CLANG_WARN_COMMA = YES;
				CLANG_WARN_CONSTANT_CONVERSION = YES;
				CLANG_WARN_DEPRECATED_OBJC_IMPLEMENTATIONS = YES;
				CLANG_WARN_DIRECT_OBJC_ISA_USAGE = YES_ERROR;
				CLANG_WARN_DOCUMENTATION_COMMENTS = YES;
				CLANG_WARN_EMPTY_BODY = YES;
				CLANG_WARN_ENUM_CONVERSION = YES;
				CLANG_WARN_INFINITE_RECURSION = YES;
				CLANG_WARN_INT_CONVERSION = YES;
				CLANG_WARN_NON_LITERAL_NULL_CONVERSION = YES;
				CLANG_WARN_OBJC_IMPLICIT_RETAIN_SELF = YES;
				CLANG_WARN_OBJC_LITERAL_CONVERSION = YES;
				CLANG_WARN_OBJC_ROOT_CLASS = YES_ERROR;
				CLANG_WARN_QUOTED_INCLUDE_IN_FRAMEWORK_HEADER = YES;
				CLANG_WARN_RANGE_LOOP_ANALYSIS = YES;
				CLANG_WARN_STRICT_PROTOTYPES = YES;
				CLANG_WARN_SUSPICIOUS_MOVE = YES;
				CLANG_WARN_UNGUARDED_AVAILABILITY = YES_AGGRESSIVE;
				CLANG_WARN_UNREACHABLE_CODE = YES;
				CLANG_WARN__DUPLICATE_METHOD_MATCH = YES;
				COPY_PHASE_STRIP = NO;
				DEBUG_INFORMATION_FORMAT = dwarf;
				ENABLE_STRICT_OBJC_MSGSEND = YES;
				ENABLE_TESTABILITY = YES;
				GCC_C_LANGUAGE_STANDARD = gnu11;
				GCC_DYNAMIC_NO_PIC = NO;
				GCC_NO_COMMON_BLOCKS = YES;
				GCC_OPTIMIZATION_LEVEL = 0;
				GCC_PREPROCESSOR_DEFINITIONS = (
					"DEBUG=1",
					"$(inherited)",
				);
				GCC_WARN_64_TO_32_BIT_CONVERSION = YES;
				GCC_WARN_ABOUT_RETURN_TYPE = YES_ERROR;
				GCC_WARN_UNDECLARED_SELECTOR = YES;
				GCC_WARN_UNINITIALIZED_AUTOS = YES_AGGRESSIVE;
				GCC_WARN_UNUSED_FUNCTION = YES;
				GCC_WARN_UNUSED_VARIABLE = YES;
				IPHONEOS_DEPLOYMENT_TARGET = 14.2;
				MTL_ENABLE_DEBUG_INFO = INCLUDE_SOURCE;
				MTL_FAST_MATH = YES;
				ONLY_ACTIVE_ARCH = YES;
				SDKROOT = iphoneos;
				SWIFT_ACTIVE_COMPILATION_CONDITIONS = DEBUG;
				SWIFT_OPTIMIZATION_LEVEL = "-Onone";
			};
			name = Debug;
		};
		5AB9524025B60AD30082AE4E /* Release */ = {
			isa = XCBuildConfiguration;
			buildSettings = {
				ALWAYS_SEARCH_USER_PATHS = NO;
				CLANG_ANALYZER_NONNULL = YES;
				CLANG_ANALYZER_NUMBER_OBJECT_CONVERSION = YES_AGGRESSIVE;
				CLANG_CXX_LANGUAGE_STANDARD = "gnu++14";
				CLANG_CXX_LIBRARY = "libc++";
				CLANG_ENABLE_MODULES = YES;
				CLANG_ENABLE_OBJC_ARC = YES;
				CLANG_ENABLE_OBJC_WEAK = YES;
				CLANG_WARN_BLOCK_CAPTURE_AUTORELEASING = YES;
				CLANG_WARN_BOOL_CONVERSION = YES;
				CLANG_WARN_COMMA = YES;
				CLANG_WARN_CONSTANT_CONVERSION = YES;
				CLANG_WARN_DEPRECATED_OBJC_IMPLEMENTATIONS = YES;
				CLANG_WARN_DIRECT_OBJC_ISA_USAGE = YES_ERROR;
				CLANG_WARN_DOCUMENTATION_COMMENTS = YES;
				CLANG_WARN_EMPTY_BODY = YES;
				CLANG_WARN_ENUM_CONVERSION = YES;
				CLANG_WARN_INFINITE_RECURSION = YES;
				CLANG_WARN_INT_CONVERSION = YES;
				CLANG_WARN_NON_LITERAL_NULL_CONVERSION = YES;
				CLANG_WARN_OBJC_IMPLICIT_RETAIN_SELF = YES;
				CLANG_WARN_OBJC_LITERAL_CONVERSION = YES;
				CLANG_WARN_OBJC_ROOT_CLASS = YES_ERROR;
				CLANG_WARN_QUOTED_INCLUDE_IN_FRAMEWORK_HEADER = YES;
				CLANG_WARN_RANGE_LOOP_ANALYSIS = YES;
				CLANG_WARN_STRICT_PROTOTYPES = YES;
				CLANG_WARN_SUSPICIOUS_MOVE = YES;
				CLANG_WARN_UNGUARDED_AVAILABILITY = YES_AGGRESSIVE;
				CLANG_WARN_UNREACHABLE_CODE = YES;
				CLANG_WARN__DUPLICATE_METHOD_MATCH = YES;
				COPY_PHASE_STRIP = NO;
				DEBUG_INFORMATION_FORMAT = "dwarf-with-dsym";
				ENABLE_NS_ASSERTIONS = NO;
				ENABLE_STRICT_OBJC_MSGSEND = YES;
				GCC_C_LANGUAGE_STANDARD = gnu11;
				GCC_NO_COMMON_BLOCKS = YES;
				GCC_WARN_64_TO_32_BIT_CONVERSION = YES;
				GCC_WARN_ABOUT_RETURN_TYPE = YES_ERROR;
				GCC_WARN_UNDECLARED_SELECTOR = YES;
				GCC_WARN_UNINITIALIZED_AUTOS = YES_AGGRESSIVE;
				GCC_WARN_UNUSED_FUNCTION = YES;
				GCC_WARN_UNUSED_VARIABLE = YES;
				IPHONEOS_DEPLOYMENT_TARGET = 14.2;
				MTL_ENABLE_DEBUG_INFO = NO;
				MTL_FAST_MATH = YES;
				SDKROOT = iphoneos;
				SWIFT_COMPILATION_MODE = wholemodule;
				SWIFT_OPTIMIZATION_LEVEL = "-O";
				VALIDATE_PRODUCT = YES;
			};
			name = Release;
		};
		5AB9524225B60AD30082AE4E /* Debug */ = {
			isa = XCBuildConfiguration;
			buildSettings = {
				ASSETCATALOG_COMPILER_APPICON_NAME = AppIcon;
				ASSETCATALOG_COMPILER_GLOBAL_ACCENT_COLOR_NAME = AccentColor;
				CODE_SIGN_STYLE = Automatic;
				INFOPLIST_FILE = Movies/Info.plist;
				IPHONEOS_DEPLOYMENT_TARGET = 13.0;
				LD_RUNPATH_SEARCH_PATHS = (
					"$(inherited)",
					"@executable_path/Frameworks",
				);
				PRODUCT_BUNDLE_IDENTIFIER = Godwin.Movies;
				PRODUCT_NAME = "$(TARGET_NAME)";
				SWIFT_VERSION = 5.0;
				TARGETED_DEVICE_FAMILY = 1;
			};
			name = Debug;
		};
		5AB9524325B60AD30082AE4E /* Release */ = {
			isa = XCBuildConfiguration;
			buildSettings = {
				ASSETCATALOG_COMPILER_APPICON_NAME = AppIcon;
				ASSETCATALOG_COMPILER_GLOBAL_ACCENT_COLOR_NAME = AccentColor;
				CODE_SIGN_STYLE = Automatic;
				INFOPLIST_FILE = Movies/Info.plist;
				IPHONEOS_DEPLOYMENT_TARGET = 13.0;
				LD_RUNPATH_SEARCH_PATHS = (
					"$(inherited)",
					"@executable_path/Frameworks",
				);
				PRODUCT_BUNDLE_IDENTIFIER = Godwin.Movies;
				PRODUCT_NAME = "$(TARGET_NAME)";
				SWIFT_VERSION = 5.0;
				TARGETED_DEVICE_FAMILY = 1;
			};
			name = Release;
		};
/* End XCBuildConfiguration section */

/* Begin XCConfigurationList section */
		5AB9522825B60ACB0082AE4E /* Build configuration list for PBXProject "Movies" */ = {
			isa = XCConfigurationList;
			buildConfigurations = (
				5AB9523F25B60AD30082AE4E /* Debug */,
				5AB9524025B60AD30082AE4E /* Release */,
			);
			defaultConfigurationIsVisible = 0;
			defaultConfigurationName = Release;
		};
		5AB9524125B60AD30082AE4E /* Build configuration list for PBXNativeTarget "Movies" */ = {
			isa = XCConfigurationList;
			buildConfigurations = (
				5AB9524225B60AD30082AE4E /* Debug */,
				5AB9524325B60AD30082AE4E /* Release */,
			);
			defaultConfigurationIsVisible = 0;
			defaultConfigurationName = Release;
		};
/* End XCConfigurationList section */
	};
	rootObject = 5AB9522525B60ACB0082AE4E /* Project object */;
}
